
Microsoft Visual Studio Solution File, Format Version 12.00
# Visual Studio 15
Project("{FAE04EC0-301F-11D3-BF4B-00C04F79EFBC}") = "TokenTracker.Android", "TokenTracker.Android\TokenTracker.Android.csproj", "{D5966C35-C465-4255-85BB-DCA383134BAA}"
EndProject
Project("{FAE04EC0-301F-11D3-BF4B-00C04F79EFBC}") = "TokenTracker.iOS", "TokenTracker.iOS\TokenTracker.iOS.csproj", "{66C40674-D959-466D-91BA-39EB0BE68958}"
EndProject
Project("{D954291E-2A0B-460D-934E-DC6B0785DB48}") = "TokenTracker", "TokenTracker\TokenTracker.shproj", "{3467749A-4028-4D50-B47D-A1C77FB1D9A6}"
EndProject
Global
	GlobalSection(SolutionConfigurationPlatforms) = preSolution
		Debug|Any CPU = Debug|Any CPU
		Release|Any CPU = Release|Any CPU
		Debug|iPhoneSimulator = Debug|iPhoneSimulator
		Release|iPhoneSimulator = Release|iPhoneSimulator
		Debug|iPhone = Debug|iPhone
		Release|iPhone = Release|iPhone
	EndGlobalSection
	GlobalSection(ProjectConfigurationPlatforms) = postSolution
		{D5966C35-C465-4255-85BB-DCA383134BAA}.Debug|Any CPU.ActiveCfg = Debug|Any CPU
		{D5966C35-C465-4255-85BB-DCA383134BAA}.Debug|Any CPU.Build.0 = Debug|Any CPU
		{D5966C35-C465-4255-85BB-DCA383134BAA}.Release|Any CPU.ActiveCfg = Release|Any CPU
		{D5966C35-C465-4255-85BB-DCA383134BAA}.Release|Any CPU.Build.0 = Release|Any CPU
		{D5966C35-C465-4255-85BB-DCA383134BAA}.Debug|iPhoneSimulator.ActiveCfg = Debug|Any CPU
		{D5966C35-C465-4255-85BB-DCA383134BAA}.Debug|iPhoneSimulator.Build.0 = Debug|Any CPU
		{D5966C35-C465-4255-85BB-DCA383134BAA}.Release|iPhoneSimulator.ActiveCfg = Release|Any CPU
		{D5966C35-C465-4255-85BB-DCA383134BAA}.Release|iPhoneSimulator.Build.0 = Release|Any CPU
		{D5966C35-C465-4255-85BB-DCA383134BAA}.Debug|iPhone.ActiveCfg = Debug|Any CPU
		{D5966C35-C465-4255-85BB-DCA383134BAA}.Debug|iPhone.Build.0 = Debug|Any CPU
		{D5966C35-C465-4255-85BB-DCA383134BAA}.Release|iPhone.ActiveCfg = Release|Any CPU
		{D5966C35-C465-4255-85BB-DCA383134BAA}.Release|iPhone.Build.0 = Release|Any CPU
		{66C40674-D959-466D-91BA-39EB0BE68958}.Debug|Any CPU.ActiveCfg = Debug|iPhoneSimulator
		{66C40674-D959-466D-91BA-39EB0BE68958}.Debug|Any CPU.Build.0 = Debug|iPhoneSimulator
		{66C40674-D959-466D-91BA-39EB0BE68958}.Release|Any CPU.ActiveCfg = Release|iPhoneSimulator
		{66C40674-D959-466D-91BA-39EB0BE68958}.Release|Any CPU.Build.0 = Release|iPhoneSimulator
		{66C40674-D959-466D-91BA-39EB0BE68958}.Debug|iPhoneSimulator.ActiveCfg = Debug|iPhoneSimulator
		{66C40674-D959-466D-91BA-39EB0BE68958}.Debug|iPhoneSimulator.Build.0 = Debug|iPhoneSimulator
		{66C40674-D959-466D-91BA-39EB0BE68958}.Release|iPhoneSimulator.ActiveCfg = Release|iPhoneSimulator
		{66C40674-D959-466D-91BA-39EB0BE68958}.Release|iPhoneSimulator.Build.0 = Release|iPhoneSimulator
		{66C40674-D959-466D-91BA-39EB0BE68958}.Debug|iPhone.ActiveCfg = Debug|iPhone
		{66C40674-D959-466D-91BA-39EB0BE68958}.Debug|iPhone.Build.0 = Debug|iPhone
		{66C40674-D959-466D-91BA-39EB0BE68958}.Release|iPhone.ActiveCfg = Release|iPhone
		{66C40674-D959-466D-91BA-39EB0BE68958}.Release|iPhone.Build.0 = Release|iPhone
	EndGlobalSection
EndGlobal
